// !$*UTF8*$!
{
	archiveVersion = 1;
	classes = {
	};
	objectVersion = 56;
	objects = {

/* Begin PBXBuildFile section */
		FB3447072B1A80B600E890DD /* Airbnb.swift in Sources */ = {isa = PBXBuildFile; fileRef = FB3447062B1A80B600E890DD /* Airbnb.swift */; };
		FB34470A2B1A81A500E890DD /* ContentViewModel.swift in Sources */ = {isa = PBXBuildFile; fileRef = FB3447092B1A81A500E890DD /* ContentViewModel.swift */; };
		FB59166D2AF5943000F41646 /* airbnb_clone_bApp.swift in Sources */ = {isa = PBXBuildFile; fileRef = FB59166C2AF5943000F41646 /* airbnb_clone_bApp.swift */; };
		FB59166F2AF5943000F41646 /* ContentView.swift in Sources */ = {isa = PBXBuildFile; fileRef = FB59166E2AF5943000F41646 /* ContentView.swift */; };
		FB5916712AF5943100F41646 /* Assets.xcassets in Resources */ = {isa = PBXBuildFile; fileRef = FB5916702AF5943100F41646 /* Assets.xcassets */; };
		FB5916742AF5943100F41646 /* Preview Assets.xcassets in Resources */ = {isa = PBXBuildFile; fileRef = FB5916732AF5943100F41646 /* Preview Assets.xcassets */; };
		FB59167C2AF59B8800F41646 /* LaunchScreen.storyboard in Resources */ = {isa = PBXBuildFile; fileRef = FB59167B2AF59B8800F41646 /* LaunchScreen.storyboard */; };
		FB59167F2AF5A18D00F41646 /* Category.swift in Sources */ = {isa = PBXBuildFile; fileRef = FB59167E2AF5A18D00F41646 /* Category.swift */; };
		FB745C1F2AFED0960091B6BA /* Card.swift in Sources */ = {isa = PBXBuildFile; fileRef = FB745C1E2AFED0960091B6BA /* Card.swift */; };
		FB745C242AFED2D30091B6BA /* MainView.swift in Sources */ = {isa = PBXBuildFile; fileRef = FB745C232AFED2D30091B6BA /* MainView.swift */; };
		FB745C262AFED43E0091B6BA /* WishListView.swift in Sources */ = {isa = PBXBuildFile; fileRef = FB745C252AFED43E0091B6BA /* WishListView.swift */; };
		FB745C282AFED46E0091B6BA /* TripsView.swift in Sources */ = {isa = PBXBuildFile; fileRef = FB745C272AFED46E0091B6BA /* TripsView.swift */; };
		FB745C2A2AFED47C0091B6BA /* InboxView.swift in Sources */ = {isa = PBXBuildFile; fileRef = FB745C292AFED47C0091B6BA /* InboxView.swift */; };
		FB745C2C2AFED4B70091B6BA /* ProfileView.swift in Sources */ = {isa = PBXBuildFile; fileRef = FB745C2B2AFED4B70091B6BA /* ProfileView.swift */; };
		FB745C2E2AFEDA020091B6BA /* TabItem.swift in Sources */ = {isa = PBXBuildFile; fileRef = FB745C2D2AFEDA020091B6BA /* TabItem.swift */; };
/* End PBXBuildFile section */

/* Begin PBXFileReference section */
		FB3447062B1A80B600E890DD /* Airbnb.swift */ = {isa = PBXFileReference; lastKnownFileType = sourcecode.swift; path = Airbnb.swift; sourceTree = "<group>"; };
		FB3447092B1A81A500E890DD /* ContentViewModel.swift */ = {isa = PBXFileReference; lastKnownFileType = sourcecode.swift; path = ContentViewModel.swift; sourceTree = "<group>"; };
		FB5916692AF5943000F41646 /* airbnb-clone-b.app */ = {isa = PBXFileReference; explicitFileType = wrapper.application; includeInIndex = 0; path = "airbnb-clone-b.app"; sourceTree = BUILT_PRODUCTS_DIR; };
		FB59166C2AF5943000F41646 /* airbnb_clone_bApp.swift */ = {isa = PBXFileReference; lastKnownFileType = sourcecode.swift; path = airbnb_clone_bApp.swift; sourceTree = "<group>"; };
		FB59166E2AF5943000F41646 /* ContentView.swift */ = {isa = PBXFileReference; lastKnownFileType = sourcecode.swift; path = ContentView.swift; sourceTree = "<group>"; };
		FB5916702AF5943100F41646 /* Assets.xcassets */ = {isa = PBXFileReference; lastKnownFileType = folder.assetcatalog; path = Assets.xcassets; sourceTree = "<group>"; };
		FB5916732AF5943100F41646 /* Preview Assets.xcassets */ = {isa = PBXFileReference; lastKnownFileType = folder.assetcatalog; path = "Preview Assets.xcassets"; sourceTree = "<group>"; };
		FB59167B2AF59B8800F41646 /* LaunchScreen.storyboard */ = {isa = PBXFileReference; lastKnownFileType = file.storyboard; path = LaunchScreen.storyboard; sourceTree = "<group>"; };
		FB59167E2AF5A18D00F41646 /* Category.swift */ = {isa = PBXFileReference; lastKnownFileType = sourcecode.swift; path = Category.swift; sourceTree = "<group>"; };
		FB745C1E2AFED0960091B6BA /* Card.swift */ = {isa = PBXFileReference; lastKnownFileType = sourcecode.swift; path = Card.swift; sourceTree = "<group>"; };
		FB745C232AFED2D30091B6BA /* MainView.swift */ = {isa = PBXFileReference; lastKnownFileType = sourcecode.swift; path = MainView.swift; sourceTree = "<group>"; };
		FB745C252AFED43E0091B6BA /* WishListView.swift */ = {isa = PBXFileReference; lastKnownFileType = sourcecode.swift; path = WishListView.swift; sourceTree = "<group>"; };
		FB745C272AFED46E0091B6BA /* TripsView.swift */ = {isa = PBXFileReference; lastKnownFileType = sourcecode.swift; path = TripsView.swift; sourceTree = "<group>"; };
		FB745C292AFED47C0091B6BA /* InboxView.swift */ = {isa = PBXFileReference; lastKnownFileType = sourcecode.swift; path = InboxView.swift; sourceTree = "<group>"; };
		FB745C2B2AFED4B70091B6BA /* ProfileView.swift */ = {isa = PBXFileReference; lastKnownFileType = sourcecode.swift; path = ProfileView.swift; sourceTree = "<group>"; };
		FB745C2D2AFEDA020091B6BA /* TabItem.swift */ = {isa = PBXFileReference; lastKnownFileType = sourcecode.swift; path = TabItem.swift; sourceTree = "<group>"; };
/* End PBXFileReference section */

/* Begin PBXFrameworksBuildPhase section */
		FB5916662AF5943000F41646 /* Frameworks */ = {
			isa = PBXFrameworksBuildPhase;
			buildActionMask = 2147483647;
			files = (
			);
			runOnlyForDeploymentPostprocessing = 0;
		};
/* End PBXFrameworksBuildPhase section */

/* Begin PBXGroup section */
		FB3447052B1A7EA400E890DD /* Models */ = {
			isa = PBXGroup;
			children = (
				FB3447062B1A80B600E890DD /* Airbnb.swift */,
			);
			path = Models;
			sourceTree = "<group>";
		};
		FB3447082B1A815700E890DD /* ViewModel */ = {
			isa = PBXGroup;
			children = (
				FB3447092B1A81A500E890DD /* ContentViewModel.swift */,
			);
			path = ViewModel;
			sourceTree = "<group>";
		};
		FB5916602AF5943000F41646 = {
			isa = PBXGroup;
			children = (
				FB59166B2AF5943000F41646 /* airbnb-clone-b */,
				FB59166A2AF5943000F41646 /* Products */,
			);
			sourceTree = "<group>";
		};
		FB59166A2AF5943000F41646 /* Products */ = {
			isa = PBXGroup;
			children = (
				FB5916692AF5943000F41646 /* airbnb-clone-b.app */,
			);
			name = Products;
			sourceTree = "<group>";
		};
		FB59166B2AF5943000F41646 /* airbnb-clone-b */ = {
			isa = PBXGroup;
			children = (
				FB3447082B1A815700E890DD /* ViewModel */,
				FB3447052B1A7EA400E890DD /* Models */,
				FB745C202AFED26C0091B6BA /* Views */,
				FB59167D2AF5A10800F41646 /* components */,
				FB59167A2AF59B3200F41646 /* onboarding */,
				FB59166C2AF5943000F41646 /* airbnb_clone_bApp.swift */,
				FB5916702AF5943100F41646 /* Assets.xcassets */,
				FB5916722AF5943100F41646 /* Preview Content */,
			);
			path = "airbnb-clone-b";
			sourceTree = "<group>";
		};
		FB5916722AF5943100F41646 /* Preview Content */ = {
			isa = PBXGroup;
			children = (
				FB5916732AF5943100F41646 /* Preview Assets.xcassets */,
			);
			path = "Preview Content";
			sourceTree = "<group>";
		};
		FB59167A2AF59B3200F41646 /* onboarding */ = {
			isa = PBXGroup;
			children = (
				FB59167B2AF59B8800F41646 /* LaunchScreen.storyboard */,
			);
			path = onboarding;
			sourceTree = "<group>";
		};
		FB59167D2AF5A10800F41646 /* components */ = {
			isa = PBXGroup;
			children = (
				FB59167E2AF5A18D00F41646 /* Category.swift */,
				FB745C1E2AFED0960091B6BA /* Card.swift */,
				FB745C2D2AFEDA020091B6BA /* TabItem.swift */,
			);
			path = components;
			sourceTree = "<group>";
		};
		FB745C202AFED26C0091B6BA /* Views */ = {
			isa = PBXGroup;
			children = (
				FB59166E2AF5943000F41646 /* ContentView.swift */,
				FB745C232AFED2D30091B6BA /* MainView.swift */,
				FB745C2B2AFED4B70091B6BA /* ProfileView.swift */,
				FB745C272AFED46E0091B6BA /* TripsView.swift */,
				FB745C292AFED47C0091B6BA /* InboxView.swift */,
				FB745C252AFED43E0091B6BA /* WishListView.swift */,
			);
			path = Views;
			sourceTree = "<group>";
		};
/* End PBXGroup section */

/* Begin PBXNativeTarget section */
		FB5916682AF5943000F41646 /* airbnb-clone-b */ = {
			isa = PBXNativeTarget;
			buildConfigurationList = FB5916772AF5943100F41646 /* Build configuration list for PBXNativeTarget "airbnb-clone-b" */;
			buildPhases = (
				FB5916652AF5943000F41646 /* Sources */,
				FB5916662AF5943000F41646 /* Frameworks */,
				FB5916672AF5943000F41646 /* Resources */,
			);
			buildRules = (
			);
			dependencies = (
			);
			name = "airbnb-clone-b";
			productName = "airbnb-clone-b";
			productReference = FB5916692AF5943000F41646 /* airbnb-clone-b.app */;
			productType = "com.apple.product-type.application";
		};
/* End PBXNativeTarget section */

/* Begin PBXProject section */
		FB5916612AF5943000F41646 /* Project object */ = {
			isa = PBXProject;
			attributes = {
				BuildIndependentTargetsInParallel = 1;
				LastSwiftUpdateCheck = 1430;
				LastUpgradeCheck = 1430;
				TargetAttributes = {
					FB5916682AF5943000F41646 = {
						CreatedOnToolsVersion = 14.3;
					};
				};
			};
			buildConfigurationList = FB5916642AF5943000F41646 /* Build configuration list for PBXProject "airbnb-clone-b" */;
			compatibilityVersion = "Xcode 14.0";
			developmentRegion = en;
			hasScannedForEncodings = 0;
			knownRegions = (
				en,
				Base,
			);
			mainGroup = FB5916602AF5943000F41646;
			productRefGroup = FB59166A2AF5943000F41646 /* Products */;
			projectDirPath = "";
			projectRoot = "";
			targets = (
				FB5916682AF5943000F41646 /* airbnb-clone-b */,
			);
		};
/* End PBXProject section */

/* Begin PBXResourcesBuildPhase section */
		FB5916672AF5943000F41646 /* Resources */ = {
			isa = PBXResourcesBuildPhase;
			buildActionMask = 2147483647;
			files = (
				FB59167C2AF59B8800F41646 /* LaunchScreen.storyboard in Resources */,
				FB5916742AF5943100F41646 /* Preview Assets.xcassets in Resources */,
				FB5916712AF5943100F41646 /* Assets.xcassets in Resources */,
			);
			runOnlyForDeploymentPostprocessing = 0;
		};
/* End PBXResourcesBuildPhase section */

/* Begin PBXSourcesBuildPhase section */
		FB5916652AF5943000F41646 /* Sources */ = {
			isa = PBXSourcesBuildPhase;
			buildActionMask = 2147483647;
			files = (
				FB745C282AFED46E0091B6BA /* TripsView.swift in Sources */,
				FB745C2C2AFED4B70091B6BA /* ProfileView.swift in Sources */,
				FB59166F2AF5943000F41646 /* ContentView.swift in Sources */,
				FB59166D2AF5943000F41646 /* airbnb_clone_bApp.swift in Sources */,
				FB3447072B1A80B600E890DD /* Airbnb.swift in Sources */,
				FB59167F2AF5A18D00F41646 /* Category.swift in Sources */,
				FB745C242AFED2D30091B6BA /* MainView.swift in Sources */,
				FB745C2A2AFED47C0091B6BA /* InboxView.swift in Sources */,
				FB34470A2B1A81A500E890DD /* ContentViewModel.swift in Sources */,
				FB745C1F2AFED0960091B6BA /* Card.swift in Sources */,
				FB745C2E2AFEDA020091B6BA /* TabItem.swift in Sources */,
				FB745C262AFED43E0091B6BA /* WishListView.swift in Sources */,
			);
			runOnlyForDeploymentPostprocessing = 0;
		};
/* End PBXSourcesBuildPhase section */

/* Begin XCBuildConfiguration section */
		FB5916752AF5943100F41646 /* Debug */ = {
			isa = XCBuildConfiguration;
			buildSettings = {
				ALWAYS_SEARCH_USER_PATHS = NO;
				CLANG_ANALYZER_NONNULL = YES;
				CLANG_ANALYZER_NUMBER_OBJECT_CONVERSION = YES_AGGRESSIVE;
				CLANG_CXX_LANGUAGE_STANDARD = "gnu++20";
				CLANG_ENABLE_MODULES = YES;
				CLANG_ENABLE_OBJC_ARC = YES;
				CLANG_ENABLE_OBJC_WEAK = YES;
				CLANG_WARN_BLOCK_CAPTURE_AUTORELEASING = YES;
				CLANG_WARN_BOOL_CONVERSION = YES;
				CLANG_WARN_COMMA = YES;
				CLANG_WARN_CONSTANT_CONVERSION = YES;
				CLANG_WARN_DEPRECATED_OBJC_IMPLEMENTATIONS = YES;
				CLANG_WARN_DIRECT_OBJC_ISA_USAGE = YES_ERROR;
				CLANG_WARN_DOCUMENTATION_COMMENTS = YES;
				CLANG_WARN_EMPTY_BODY = YES;
				CLANG_WARN_ENUM_CONVERSION = YES;
				CLANG_WARN_INFINITE_RECURSION = YES;
				CLANG_WARN_INT_CONVERSION = YES;
				CLANG_WARN_NON_LITERAL_NULL_CONVERSION = YES;
				CLANG_WARN_OBJC_IMPLICIT_RETAIN_SELF = YES;
				CLANG_WARN_OBJC_LITERAL_CONVERSION = YES;
				CLANG_WARN_OBJC_ROOT_CLASS = YES_ERROR;
				CLANG_WARN_QUOTED_INCLUDE_IN_FRAMEWORK_HEADER = YES;
				CLANG_WARN_RANGE_LOOP_ANALYSIS = YES;
				CLANG_WARN_STRICT_PROTOTYPES = YES;
				CLANG_WARN_SUSPICIOUS_MOVE = YES;
				CLANG_WARN_UNGUARDED_AVAILABILITY = YES_AGGRESSIVE;
				CLANG_WARN_UNREACHABLE_CODE = YES;
				CLANG_WARN__DUPLICATE_METHOD_MATCH = YES;
				COPY_PHASE_STRIP = NO;
				DEBUG_INFORMATION_FORMAT = dwarf;
				ENABLE_STRICT_OBJC_MSGSEND = YES;
				ENABLE_TESTABILITY = YES;
				GCC_C_LANGUAGE_STANDARD = gnu11;
				GCC_DYNAMIC_NO_PIC = NO;
				GCC_NO_COMMON_BLOCKS = YES;
				GCC_OPTIMIZATION_LEVEL = 0;
				GCC_PREPROCESSOR_DEFINITIONS = (
					"DEBUG=1",
					"$(inherited)",
				);
				GCC_WARN_64_TO_32_BIT_CONVERSION = YES;
				GCC_WARN_ABOUT_RETURN_TYPE = YES_ERROR;
				GCC_WARN_UNDECLARED_SELECTOR = YES;
				GCC_WARN_UNINITIALIZED_AUTOS = YES_AGGRESSIVE;
				GCC_WARN_UNUSED_FUNCTION = YES;
				GCC_WARN_UNUSED_VARIABLE = YES;
				IPHONEOS_DEPLOYMENT_TARGET = 16.4;
				MTL_ENABLE_DEBUG_INFO = INCLUDE_SOURCE;
				MTL_FAST_MATH = YES;
				ONLY_ACTIVE_ARCH = YES;
				SDKROOT = iphoneos;
				SWIFT_ACTIVE_COMPILATION_CONDITIONS = DEBUG;
				SWIFT_OPTIMIZATION_LEVEL = "-Onone";
			};
			name = Debug;
		};
		FB5916762AF5943100F41646 /* Release */ = {
			isa = XCBuildConfiguration;
			buildSettings = {
				ALWAYS_SEARCH_USER_PATHS = NO;
				CLANG_ANALYZER_NONNULL = YES;
				CLANG_ANALYZER_NUMBER_OBJECT_CONVERSION = YES_AGGRESSIVE;
				CLANG_CXX_LANGUAGE_STANDARD = "gnu++20";
				CLANG_ENABLE_MODULES = YES;
				CLANG_ENABLE_OBJC_ARC = YES;
				CLANG_ENABLE_OBJC_WEAK = YES;
				CLANG_WARN_BLOCK_CAPTURE_AUTORELEASING = YES;
				CLANG_WARN_BOOL_CONVERSION = YES;
				CLANG_WARN_COMMA = YES;
				CLANG_WARN_CONSTANT_CONVERSION = YES;
				CLANG_WARN_DEPRECATED_OBJC_IMPLEMENTATIONS = YES;
				CLANG_WARN_DIRECT_OBJC_ISA_USAGE = YES_ERROR;
				CLANG_WARN_DOCUMENTATION_COMMENTS = YES;
				CLANG_WARN_EMPTY_BODY = YES;
				CLANG_WARN_ENUM_CONVERSION = YES;
				CLANG_WARN_INFINITE_RECURSION = YES;
				CLANG_WARN_INT_CONVERSION = YES;
				CLANG_WARN_NON_LITERAL_NULL_CONVERSION = YES;
				CLANG_WARN_OBJC_IMPLICIT_RETAIN_SELF = YES;
				CLANG_WARN_OBJC_LITERAL_CONVERSION = YES;
				CLANG_WARN_OBJC_ROOT_CLASS = YES_ERROR;
				CLANG_WARN_QUOTED_INCLUDE_IN_FRAMEWORK_HEADER = YES;
				CLANG_WARN_RANGE_LOOP_ANALYSIS = YES;
				CLANG_WARN_STRICT_PROTOTYPES = YES;
				CLANG_WARN_SUSPICIOUS_MOVE = YES;
				CLANG_WARN_UNGUARDED_AVAILABILITY = YES_AGGRESSIVE;
				CLANG_WARN_UNREACHABLE_CODE = YES;
				CLANG_WARN__DUPLICATE_METHOD_MATCH = YES;
				COPY_PHASE_STRIP = NO;
				DEBUG_INFORMATION_FORMAT = "dwarf-with-dsym";
				ENABLE_NS_ASSERTIONS = NO;
				ENABLE_STRICT_OBJC_MSGSEND = YES;
				GCC_C_LANGUAGE_STANDARD = gnu11;
				GCC_NO_COMMON_BLOCKS = YES;
				GCC_WARN_64_TO_32_BIT_CONVERSION = YES;
				GCC_WARN_ABOUT_RETURN_TYPE = YES_ERROR;
				GCC_WARN_UNDECLARED_SELECTOR = YES;
				GCC_WARN_UNINITIALIZED_AUTOS = YES_AGGRESSIVE;
				GCC_WARN_UNUSED_FUNCTION = YES;
				GCC_WARN_UNUSED_VARIABLE = YES;
				IPHONEOS_DEPLOYMENT_TARGET = 16.4;
				MTL_ENABLE_DEBUG_INFO = NO;
				MTL_FAST_MATH = YES;
				SDKROOT = iphoneos;
				SWIFT_COMPILATION_MODE = wholemodule;
				SWIFT_OPTIMIZATION_LEVEL = "-O";
				VALIDATE_PRODUCT = YES;
			};
			name = Release;
		};
		FB5916782AF5943100F41646 /* Debug */ = {
			isa = XCBuildConfiguration;
			buildSettings = {
				ASSETCATALOG_COMPILER_APPICON_NAME = AppIcon;
				ASSETCATALOG_COMPILER_GLOBAL_ACCENT_COLOR_NAME = AccentColor;
				CODE_SIGN_STYLE = Automatic;
				CURRENT_PROJECT_VERSION = 1;
				DEVELOPMENT_ASSET_PATHS = "\"airbnb-clone-b/Preview Content\"";
				ENABLE_PREVIEWS = YES;
				GENERATE_INFOPLIST_FILE = YES;
				INFOPLIST_KEY_CFBundleDisplayName = "Airbnb B";
				INFOPLIST_KEY_UIApplicationSceneManifest_Generation = YES;
				INFOPLIST_KEY_UIApplicationSupportsIndirectInputEvents = YES;
				INFOPLIST_KEY_UILaunchScreen_Generation = YES;
				INFOPLIST_KEY_UILaunchStoryboardName = LaunchScreen.storyboard;
				INFOPLIST_KEY_UISupportedInterfaceOrientations_iPad = "UIInterfaceOrientationPortrait UIInterfaceOrientationPortraitUpsideDown UIInterfaceOrientationLandscapeLeft UIInterfaceOrientationLandscapeRight";
				INFOPLIST_KEY_UISupportedInterfaceOrientations_iPhone = "UIInterfaceOrientationPortrait UIInterfaceOrientationLandscapeLeft UIInterfaceOrientationLandscapeRight";
				LD_RUNPATH_SEARCH_PATHS = (
					"$(inherited)",
					"@executable_path/Frameworks",
				);
				MARKETING_VERSION = 1.0;
				PRODUCT_BUNDLE_IDENTIFIER = "com.tecsup.airbnb-clone-b";
				PRODUCT_NAME = "$(TARGET_NAME)";
				SWIFT_EMIT_LOC_STRINGS = YES;
				SWIFT_VERSION = 5.0;
				TARGETED_DEVICE_FAMILY = "1,2";
			};
			name = Debug;
		};
		FB5916792AF5943100F41646 /* Release */ = {
			isa = XCBuildConfiguration;
			buildSettings = {
				ASSETCATALOG_COMPILER_APPICON_NAME = AppIcon;
				ASSETCATALOG_COMPILER_GLOBAL_ACCENT_COLOR_NAME = AccentColor;
				CODE_SIGN_STYLE = Automatic;
				CURRENT_PROJECT_VERSION = 1;
				DEVELOPMENT_ASSET_PATHS = "\"airbnb-clone-b/Preview Content\"";
				ENABLE_PREVIEWS = YES;
				GENERATE_INFOPLIST_FILE = YES;
				INFOPLIST_KEY_CFBundleDisplayName = "Airbnb B";
				INFOPLIST_KEY_UIApplicationSceneManifest_Generation = YES;
				INFOPLIST_KEY_UIApplicationSupportsIndirectInputEvents = YES;
				INFOPLIST_KEY_UILaunchScreen_Generation = YES;
				INFOPLIST_KEY_UILaunchStoryboardName = LaunchScreen.storyboard;
				INFOPLIST_KEY_UISupportedInterfaceOrientations_iPad = "UIInterfaceOrientationPortrait UIInterfaceOrientationPortraitUpsideDown UIInterfaceOrientationLandscapeLeft UIInterfaceOrientationLandscapeRight";
				INFOPLIST_KEY_UISupportedInterfaceOrientations_iPhone = "UIInterfaceOrientationPortrait UIInterfaceOrientationLandscapeLeft UIInterfaceOrientationLandscapeRight";
				LD_RUNPATH_SEARCH_PATHS = (
					"$(inherited)",
					"@executable_path/Frameworks",
				);
				MARKETING_VERSION = 1.0;
				PRODUCT_BUNDLE_IDENTIFIER = "com.tecsup.airbnb-clone-b";
				PRODUCT_NAME = "$(TARGET_NAME)";
				SWIFT_EMIT_LOC_STRINGS = YES;
				SWIFT_VERSION = 5.0;
				TARGETED_DEVICE_FAMILY = "1,2";
			};
			name = Release;
		};
/* End XCBuildConfiguration section */

/* Begin XCConfigurationList section */
		FB5916642AF5943000F41646 /* Build configuration list for PBXProject "airbnb-clone-b" */ = {
			isa = XCConfigurationList;
			buildConfigurations = (
				FB5916752AF5943100F41646 /* Debug */,
				FB5916762AF5943100F41646 /* Release */,
			);
			defaultConfigurationIsVisible = 0;
			defaultConfigurationName = Release;
		};
		FB5916772AF5943100F41646 /* Build configuration list for PBXNativeTarget "airbnb-clone-b" */ = {
			isa = XCConfigurationList;
			buildConfigurations = (
				FB5916782AF5943100F41646 /* Debug */,
				FB5916792AF5943100F41646 /* Release */,
			);
			defaultConfigurationIsVisible = 0;
			defaultConfigurationName = Release;
		};
/* End XCConfigurationList section */
	};
	rootObject = FB5916612AF5943000F41646 /* Project object */;
}
